// !$*UTF8*$!
{
	archiveVersion = 1;
	classes = {
	};
	objectVersion = 55;
	objects = {

/* Begin PBXBuildFile section */
		86DD5C3F2867A79300657955 /* AppDelegate.swift in Sources */ = {isa = PBXBuildFile; fileRef = 86DD5C3E2867A79300657955 /* AppDelegate.swift */; };
		86DD5C412867A79300657955 /* SceneDelegate.swift in Sources */ = {isa = PBXBuildFile; fileRef = 86DD5C402867A79300657955 /* SceneDelegate.swift */; };
		86DD5C462867A79300657955 /* Main.storyboard in Resources */ = {isa = PBXBuildFile; fileRef = 86DD5C442867A79300657955 /* Main.storyboard */; };
		86DD5C492867A79300657955 /* EventManagementApp.xcdatamodeld in Sources */ = {isa = PBXBuildFile; fileRef = 86DD5C472867A79300657955 /* EventManagementApp.xcdatamodeld */; };
		86DD5C4B2867A79400657955 /* Assets.xcassets in Resources */ = {isa = PBXBuildFile; fileRef = 86DD5C4A2867A79400657955 /* Assets.xcassets */; };
		86DD5C4E2867A79400657955 /* LaunchScreen.storyboard in Resources */ = {isa = PBXBuildFile; fileRef = 86DD5C4C2867A79400657955 /* LaunchScreen.storyboard */; };
		86DD5C5D2867AB1E00657955 /* EventManagementTableViewController.swift in Sources */ = {isa = PBXBuildFile; fileRef = 86DD5C5C2867AB1E00657955 /* EventManagementTableViewController.swift */; };
		86DD5C5F2867AEF000657955 /* EventDetailViewController.swift in Sources */ = {isa = PBXBuildFile; fileRef = 86DD5C5E2867AEF000657955 /* EventDetailViewController.swift */; };
		86DD5C622867B45100657955 /* CoreDataStack.swift in Sources */ = {isa = PBXBuildFile; fileRef = 86DD5C612867B45100657955 /* CoreDataStack.swift */; };
		86DD5C642867B54E00657955 /* Event+Convenience.swift in Sources */ = {isa = PBXBuildFile; fileRef = 86DD5C632867B54E00657955 /* Event+Convenience.swift */; };
		86DD5C662867B81A00657955 /* EventController.swift in Sources */ = {isa = PBXBuildFile; fileRef = 86DD5C652867B81A00657955 /* EventController.swift */; };
/* End PBXBuildFile section */

/* Begin PBXFileReference section */
		86DD5C3B2867A79300657955 /* EventManagementApp.app */ = {isa = PBXFileReference; explicitFileType = wrapper.application; includeInIndex = 0; path = EventManagementApp.app; sourceTree = BUILT_PRODUCTS_DIR; };
		86DD5C3E2867A79300657955 /* AppDelegate.swift */ = {isa = PBXFileReference; lastKnownFileType = sourcecode.swift; path = AppDelegate.swift; sourceTree = "<group>"; };
		86DD5C402867A79300657955 /* SceneDelegate.swift */ = {isa = PBXFileReference; lastKnownFileType = sourcecode.swift; path = SceneDelegate.swift; sourceTree = "<group>"; };
		86DD5C452867A79300657955 /* Base */ = {isa = PBXFileReference; lastKnownFileType = file.storyboard; name = Base; path = Base.lproj/Main.storyboard; sourceTree = "<group>"; };
		86DD5C482867A79300657955 /* EventManagementApp.xcdatamodel */ = {isa = PBXFileReference; lastKnownFileType = wrapper.xcdatamodel; path = EventManagementApp.xcdatamodel; sourceTree = "<group>"; };
		86DD5C4A2867A79400657955 /* Assets.xcassets */ = {isa = PBXFileReference; lastKnownFileType = folder.assetcatalog; path = Assets.xcassets; sourceTree = "<group>"; };
		86DD5C4D2867A79400657955 /* Base */ = {isa = PBXFileReference; lastKnownFileType = file.storyboard; name = Base; path = Base.lproj/LaunchScreen.storyboard; sourceTree = "<group>"; };
		86DD5C4F2867A79400657955 /* Info.plist */ = {isa = PBXFileReference; lastKnownFileType = text.plist.xml; path = Info.plist; sourceTree = "<group>"; };
		86DD5C5C2867AB1E00657955 /* EventManagementTableViewController.swift */ = {isa = PBXFileReference; lastKnownFileType = sourcecode.swift; path = EventManagementTableViewController.swift; sourceTree = "<group>"; };
		86DD5C5E2867AEF000657955 /* EventDetailViewController.swift */ = {isa = PBXFileReference; lastKnownFileType = sourcecode.swift; path = EventDetailViewController.swift; sourceTree = "<group>"; };
		86DD5C612867B45100657955 /* CoreDataStack.swift */ = {isa = PBXFileReference; lastKnownFileType = sourcecode.swift; path = CoreDataStack.swift; sourceTree = "<group>"; };
		86DD5C632867B54E00657955 /* Event+Convenience.swift */ = {isa = PBXFileReference; lastKnownFileType = sourcecode.swift; path = "Event+Convenience.swift"; sourceTree = "<group>"; };
		86DD5C652867B81A00657955 /* EventController.swift */ = {isa = PBXFileReference; lastKnownFileType = sourcecode.swift; path = EventController.swift; sourceTree = "<group>"; };
/* End PBXFileReference section */

/* Begin PBXFrameworksBuildPhase section */
		86DD5C382867A79300657955 /* Frameworks */ = {
			isa = PBXFrameworksBuildPhase;
			buildActionMask = 2147483647;
			files = (
			);
			runOnlyForDeploymentPostprocessing = 0;
		};
/* End PBXFrameworksBuildPhase section */

/* Begin PBXGroup section */
		86DD5C322867A79300657955 = {
			isa = PBXGroup;
			children = (
				86DD5C3D2867A79300657955 /* EventManagementApp */,
				86DD5C3C2867A79300657955 /* Products */,
			);
			sourceTree = "<group>";
		};
		86DD5C3C2867A79300657955 /* Products */ = {
			isa = PBXGroup;
			children = (
				86DD5C3B2867A79300657955 /* EventManagementApp.app */,
			);
			name = Products;
			sourceTree = "<group>";
		};
		86DD5C3D2867A79300657955 /* EventManagementApp */ = {
			isa = PBXGroup;
			children = (
				86DD5C5B2867A9C900657955 /* Helpers+Extensions */,
				86DD5C592867A9BB00657955 /* Views */,
				86DD5C582867A9B400657955 /* ModelController */,
				86DD5C572867A9A600657955 /* ViewController */,
				86DD5C562867A99A00657955 /* CoreData */,
				86DD5C552867A98E00657955 /* Resources */,
			);
			path = EventManagementApp;
			sourceTree = "<group>";
		};
		86DD5C552867A98E00657955 /* Resources */ = {
			isa = PBXGroup;
			children = (
				86DD5C4F2867A79400657955 /* Info.plist */,
				86DD5C4A2867A79400657955 /* Assets.xcassets */,
				86DD5C402867A79300657955 /* SceneDelegate.swift */,
				86DD5C3E2867A79300657955 /* AppDelegate.swift */,
			);
			path = Resources;
			sourceTree = "<group>";
		};
		86DD5C562867A99A00657955 /* CoreData */ = {
			isa = PBXGroup;
			children = (
				86DD5C472867A79300657955 /* EventManagementApp.xcdatamodeld */,
				86DD5C612867B45100657955 /* CoreDataStack.swift */,
				86DD5C632867B54E00657955 /* Event+Convenience.swift */,
			);
			path = CoreData;
			sourceTree = "<group>";
		};
		86DD5C572867A9A600657955 /* ViewController */ = {
			isa = PBXGroup;
			children = (
				86DD5C5C2867AB1E00657955 /* EventManagementTableViewController.swift */,
				86DD5C5E2867AEF000657955 /* EventDetailViewController.swift */,
			);
			path = ViewController;
			sourceTree = "<group>";
		};
		86DD5C582867A9B400657955 /* ModelController */ = {
			isa = PBXGroup;
			children = (
				86DD5C652867B81A00657955 /* EventController.swift */,
			);
			path = ModelController;
			sourceTree = "<group>";
		};
		86DD5C592867A9BB00657955 /* Views */ = {
			isa = PBXGroup;
			children = (
				86DD5C5A2867A9C100657955 /* Storyboard */,
			);
			path = Views;
			sourceTree = "<group>";
		};
		86DD5C5A2867A9C100657955 /* Storyboard */ = {
			isa = PBXGroup;
			children = (
				86DD5C442867A79300657955 /* Main.storyboard */,
				86DD5C4C2867A79400657955 /* LaunchScreen.storyboard */,
			);
			path = Storyboard;
			sourceTree = "<group>";
		};
		86DD5C5B2867A9C900657955 /* Helpers+Extensions */ = {
			isa = PBXGroup;
			children = (
			);
			path = "Helpers+Extensions";
			sourceTree = "<group>";
		};
/* End PBXGroup section */

/* Begin PBXNativeTarget section */
		86DD5C3A2867A79300657955 /* EventManagementApp */ = {
			isa = PBXNativeTarget;
			buildConfigurationList = 86DD5C522867A79400657955 /* Build configuration list for PBXNativeTarget "EventManagementApp" */;
			buildPhases = (
				86DD5C372867A79300657955 /* Sources */,
				86DD5C382867A79300657955 /* Frameworks */,
				86DD5C392867A79300657955 /* Resources */,
			);
			buildRules = (
			);
			dependencies = (
			);
			name = EventManagementApp;
			productName = EventManagementApp;
			productReference = 86DD5C3B2867A79300657955 /* EventManagementApp.app */;
			productType = "com.apple.product-type.application";
		};
/* End PBXNativeTarget section */

/* Begin PBXProject section */
		86DD5C332867A79300657955 /* Project object */ = {
			isa = PBXProject;
			attributes = {
				BuildIndependentTargetsInParallel = 1;
				LastSwiftUpdateCheck = 1330;
				LastUpgradeCheck = 1330;
				TargetAttributes = {
					86DD5C3A2867A79300657955 = {
						CreatedOnToolsVersion = 13.3.1;
					};
				};
			};
			buildConfigurationList = 86DD5C362867A79300657955 /* Build configuration list for PBXProject "EventManagementApp" */;
			compatibilityVersion = "Xcode 13.0";
			developmentRegion = en;
			hasScannedForEncodings = 0;
			knownRegions = (
				en,
				Base,
			);
			mainGroup = 86DD5C322867A79300657955;
			productRefGroup = 86DD5C3C2867A79300657955 /* Products */;
			projectDirPath = "";
			projectRoot = "";
			targets = (
				86DD5C3A2867A79300657955 /* EventManagementApp */,
			);
		};
/* End PBXProject section */

/* Begin PBXResourcesBuildPhase section */
		86DD5C392867A79300657955 /* Resources */ = {
			isa = PBXResourcesBuildPhase;
			buildActionMask = 2147483647;
			files = (
				86DD5C4E2867A79400657955 /* LaunchScreen.storyboard in Resources */,
				86DD5C4B2867A79400657955 /* Assets.xcassets in Resources */,
				86DD5C462867A79300657955 /* Main.storyboard in Resources */,
			);
			runOnlyForDeploymentPostprocessing = 0;
		};
/* End PBXResourcesBuildPhase section */

/* Begin PBXSourcesBuildPhase section */
		86DD5C372867A79300657955 /* Sources */ = {
			isa = PBXSourcesBuildPhase;
			buildActionMask = 2147483647;
			files = (
				86DD5C3F2867A79300657955 /* AppDelegate.swift in Sources */,
				86DD5C642867B54E00657955 /* Event+Convenience.swift in Sources */,
				86DD5C5F2867AEF000657955 /* EventDetailViewController.swift in Sources */,
				86DD5C5D2867AB1E00657955 /* EventManagementTableViewController.swift in Sources */,
				86DD5C622867B45100657955 /* CoreDataStack.swift in Sources */,
				86DD5C412867A79300657955 /* SceneDelegate.swift in Sources */,
				86DD5C662867B81A00657955 /* EventController.swift in Sources */,
				86DD5C492867A79300657955 /* EventManagementApp.xcdatamodeld in Sources */,
			);
			runOnlyForDeploymentPostprocessing = 0;
		};
/* End PBXSourcesBuildPhase section */

/* Begin PBXVariantGroup section */
		86DD5C442867A79300657955 /* Main.storyboard */ = {
			isa = PBXVariantGroup;
			children = (
				86DD5C452867A79300657955 /* Base */,
			);
			name = Main.storyboard;
			sourceTree = "<group>";
		};
		86DD5C4C2867A79400657955 /* LaunchScreen.storyboard */ = {
			isa = PBXVariantGroup;
			children = (
				86DD5C4D2867A79400657955 /* Base */,
			);
			name = LaunchScreen.storyboard;
			sourceTree = "<group>";
		};
/* End PBXVariantGroup section */

/* Begin XCBuildConfiguration section */
		86DD5C502867A79400657955 /* Debug */ = {
			isa = XCBuildConfiguration;
			buildSettings = {
				ALWAYS_SEARCH_USER_PATHS = NO;
				CLANG_ANALYZER_NONNULL = YES;
				CLANG_ANALYZER_NUMBER_OBJECT_CONVERSION = YES_AGGRESSIVE;
				CLANG_CXX_LANGUAGE_STANDARD = "gnu++17";
				CLANG_ENABLE_MODULES = YES;
				CLANG_ENABLE_OBJC_ARC = YES;
				CLANG_ENABLE_OBJC_WEAK = YES;
				CLANG_WARN_BLOCK_CAPTURE_AUTORELEASING = YES;
				CLANG_WARN_BOOL_CONVERSION = YES;
				CLANG_WARN_COMMA = YES;
				CLANG_WARN_CONSTANT_CONVERSION = YES;
				CLANG_WARN_DEPRECATED_OBJC_IMPLEMENTATIONS = YES;
				CLANG_WARN_DIRECT_OBJC_ISA_USAGE = YES_ERROR;
				CLANG_WARN_DOCUMENTATION_COMMENTS = YES;
				CLANG_WARN_EMPTY_BODY = YES;
				CLANG_WARN_ENUM_CONVERSION = YES;
				CLANG_WARN_INFINITE_RECURSION = YES;
				CLANG_WARN_INT_CONVERSION = YES;
				CLANG_WARN_NON_LITERAL_NULL_CONVERSION = YES;
				CLANG_WARN_OBJC_IMPLICIT_RETAIN_SELF = YES;
				CLANG_WARN_OBJC_LITERAL_CONVERSION = YES;
				CLANG_WARN_OBJC_ROOT_CLASS = YES_ERROR;
				CLANG_WARN_QUOTED_INCLUDE_IN_FRAMEWORK_HEADER = YES;
				CLANG_WARN_RANGE_LOOP_ANALYSIS = YES;
				CLANG_WARN_STRICT_PROTOTYPES = YES;
				CLANG_WARN_SUSPICIOUS_MOVE = YES;
				CLANG_WARN_UNGUARDED_AVAILABILITY = YES_AGGRESSIVE;
				CLANG_WARN_UNREACHABLE_CODE = YES;
				CLANG_WARN__DUPLICATE_METHOD_MATCH = YES;
				COPY_PHASE_STRIP = NO;
				DEBUG_INFORMATION_FORMAT = dwarf;
				ENABLE_STRICT_OBJC_MSGSEND = YES;
				ENABLE_TESTABILITY = YES;
				GCC_C_LANGUAGE_STANDARD = gnu11;
				GCC_DYNAMIC_NO_PIC = NO;
				GCC_NO_COMMON_BLOCKS = YES;
				GCC_OPTIMIZATION_LEVEL = 0;
				GCC_PREPROCESSOR_DEFINITIONS = (
					"DEBUG=1",
					"$(inherited)",
				);
				GCC_WARN_64_TO_32_BIT_CONVERSION = YES;
				GCC_WARN_ABOUT_RETURN_TYPE = YES_ERROR;
				GCC_WARN_UNDECLARED_SELECTOR = YES;
				GCC_WARN_UNINITIALIZED_AUTOS = YES_AGGRESSIVE;
				GCC_WARN_UNUSED_FUNCTION = YES;
				GCC_WARN_UNUSED_VARIABLE = YES;
				IPHONEOS_DEPLOYMENT_TARGET = 15.4;
				MTL_ENABLE_DEBUG_INFO = INCLUDE_SOURCE;
				MTL_FAST_MATH = YES;
				ONLY_ACTIVE_ARCH = YES;
				SDKROOT = iphoneos;
				SWIFT_ACTIVE_COMPILATION_CONDITIONS = DEBUG;
				SWIFT_OPTIMIZATION_LEVEL = "-Onone";
			};
			name = Debug;
		};
		86DD5C512867A79400657955 /* Release */ = {
			isa = XCBuildConfiguration;
			buildSettings = {
				ALWAYS_SEARCH_USER_PATHS = NO;
				CLANG_ANALYZER_NONNULL = YES;
				CLANG_ANALYZER_NUMBER_OBJECT_CONVERSION = YES_AGGRESSIVE;
				CLANG_CXX_LANGUAGE_STANDARD = "gnu++17";
				CLANG_ENABLE_MODULES = YES;
				CLANG_ENABLE_OBJC_ARC = YES;
				CLANG_ENABLE_OBJC_WEAK = YES;
				CLANG_WARN_BLOCK_CAPTURE_AUTORELEASING = YES;
				CLANG_WARN_BOOL_CONVERSION = YES;
				CLANG_WARN_COMMA = YES;
				CLANG_WARN_CONSTANT_CONVERSION = YES;
				CLANG_WARN_DEPRECATED_OBJC_IMPLEMENTATIONS = YES;
				CLANG_WARN_DIRECT_OBJC_ISA_USAGE = YES_ERROR;
				CLANG_WARN_DOCUMENTATION_COMMENTS = YES;
				CLANG_WARN_EMPTY_BODY = YES;
				CLANG_WARN_ENUM_CONVERSION = YES;
				CLANG_WARN_INFINITE_RECURSION = YES;
				CLANG_WARN_INT_CONVERSION = YES;
				CLANG_WARN_NON_LITERAL_NULL_CONVERSION = YES;
				CLANG_WARN_OBJC_IMPLICIT_RETAIN_SELF = YES;
				CLANG_WARN_OBJC_LITERAL_CONVERSION = YES;
				CLANG_WARN_OBJC_ROOT_CLASS = YES_ERROR;
				CLANG_WARN_QUOTED_INCLUDE_IN_FRAMEWORK_HEADER = YES;
				CLANG_WARN_RANGE_LOOP_ANALYSIS = YES;
				CLANG_WARN_STRICT_PROTOTYPES = YES;
				CLANG_WARN_SUSPICIOUS_MOVE = YES;
				CLANG_WARN_UNGUARDED_AVAILABILITY = YES_AGGRESSIVE;
				CLANG_WARN_UNREACHABLE_CODE = YES;
				CLANG_WARN__DUPLICATE_METHOD_MATCH = YES;
				COPY_PHASE_STRIP = NO;
				DEBUG_INFORMATION_FORMAT = "dwarf-with-dsym";
				ENABLE_NS_ASSERTIONS = NO;
				ENABLE_STRICT_OBJC_MSGSEND = YES;
				GCC_C_LANGUAGE_STANDARD = gnu11;
				GCC_NO_COMMON_BLOCKS = YES;
				GCC_WARN_64_TO_32_BIT_CONVERSION = YES;
				GCC_WARN_ABOUT_RETURN_TYPE = YES_ERROR;
				GCC_WARN_UNDECLARED_SELECTOR = YES;
				GCC_WARN_UNINITIALIZED_AUTOS = YES_AGGRESSIVE;
				GCC_WARN_UNUSED_FUNCTION = YES;
				GCC_WARN_UNUSED_VARIABLE = YES;
				IPHONEOS_DEPLOYMENT_TARGET = 15.4;
				MTL_ENABLE_DEBUG_INFO = NO;
				MTL_FAST_MATH = YES;
				SDKROOT = iphoneos;
				SWIFT_COMPILATION_MODE = wholemodule;
				SWIFT_OPTIMIZATION_LEVEL = "-O";
				VALIDATE_PRODUCT = YES;
			};
			name = Release;
		};
		86DD5C532867A79400657955 /* Debug */ = {
			isa = XCBuildConfiguration;
			buildSettings = {
				ASSETCATALOG_COMPILER_APPICON_NAME = AppIcon;
				ASSETCATALOG_COMPILER_GLOBAL_ACCENT_COLOR_NAME = AccentColor;
				CODE_SIGN_STYLE = Automatic;
				CURRENT_PROJECT_VERSION = 1;
				DEVELOPMENT_TEAM = PM52Z3PZ7H;
				GENERATE_INFOPLIST_FILE = YES;
				INFOPLIST_FILE = EventManagementApp/Resources/Info.plist;
				INFOPLIST_KEY_UIApplicationSupportsIndirectInputEvents = YES;
				INFOPLIST_KEY_UILaunchStoryboardName = LaunchScreen;
				INFOPLIST_KEY_UIMainStoryboardFile = Main;
				INFOPLIST_KEY_UISupportedInterfaceOrientations_iPad = "UIInterfaceOrientationPortrait UIInterfaceOrientationPortraitUpsideDown UIInterfaceOrientationLandscapeLeft UIInterfaceOrientationLandscapeRight";
				INFOPLIST_KEY_UISupportedInterfaceOrientations_iPhone = "UIInterfaceOrientationPortrait UIInterfaceOrientationLandscapeLeft UIInterfaceOrientationLandscapeRight";
				LD_RUNPATH_SEARCH_PATHS = (
					"$(inherited)",
					"@executable_path/Frameworks",
				);
				MARKETING_VERSION = 1.0;
				PRODUCT_BUNDLE_IDENTIFIER = personal.EventManagementApp;
				PRODUCT_NAME = "$(TARGET_NAME)";
				SWIFT_EMIT_LOC_STRINGS = YES;
				SWIFT_VERSION = 5.0;
				TARGETED_DEVICE_FAMILY = "1,2";
			};
			name = Debug;
		};
		86DD5C542867A79400657955 /* Release */ = {
			isa = XCBuildConfiguration;
			buildSettings = {
				ASSETCATALOG_COMPILER_APPICON_NAME = AppIcon;
				ASSETCATALOG_COMPILER_GLOBAL_ACCENT_COLOR_NAME = AccentColor;
				CODE_SIGN_STYLE = Automatic;
				CURRENT_PROJECT_VERSION = 1;
				DEVELOPMENT_TEAM = PM52Z3PZ7H;
				GENERATE_INFOPLIST_FILE = YES;
				INFOPLIST_FILE = EventManagementApp/Resources/Info.plist;
				INFOPLIST_KEY_UIApplicationSupportsIndirectInputEvents = YES;
				INFOPLIST_KEY_UILaunchStoryboardName = LaunchScreen;
				INFOPLIST_KEY_UIMainStoryboardFile = Main;
				INFOPLIST_KEY_UISupportedInterfaceOrientations_iPad = "UIInterfaceOrientationPortrait UIInterfaceOrientationPortraitUpsideDown UIInterfaceOrientationLandscapeLeft UIInterfaceOrientationLandscapeRight";
				INFOPLIST_KEY_UISupportedInterfaceOrientations_iPhone = "UIInterfaceOrientationPortrait UIInterfaceOrientationLandscapeLeft UIInterfaceOrientationLandscapeRight";
				LD_RUNPATH_SEARCH_PATHS = (
					"$(inherited)",
					"@executable_path/Frameworks",
				);
				MARKETING_VERSION = 1.0;
				PRODUCT_BUNDLE_IDENTIFIER = personal.EventManagementApp;
				PRODUCT_NAME = "$(TARGET_NAME)";
				SWIFT_EMIT_LOC_STRINGS = YES;
				SWIFT_VERSION = 5.0;
				TARGETED_DEVICE_FAMILY = "1,2";
			};
			name = Release;
		};
/* End XCBuildConfiguration section */

/* Begin XCConfigurationList section */
		86DD5C362867A79300657955 /* Build configuration list for PBXProject "EventManagementApp" */ = {
			isa = XCConfigurationList;
			buildConfigurations = (
				86DD5C502867A79400657955 /* Debug */,
				86DD5C512867A79400657955 /* Release */,
			);
			defaultConfigurationIsVisible = 0;
			defaultConfigurationName = Release;
		};
		86DD5C522867A79400657955 /* Build configuration list for PBXNativeTarget "EventManagementApp" */ = {
			isa = XCConfigurationList;
			buildConfigurations = (
				86DD5C532867A79400657955 /* Debug */,
				86DD5C542867A79400657955 /* Release */,
			);
			defaultConfigurationIsVisible = 0;
			defaultConfigurationName = Release;
		};
/* End XCConfigurationList section */

/* Begin XCVersionGroup section */
		86DD5C472867A79300657955 /* EventManagementApp.xcdatamodeld */ = {
			isa = XCVersionGroup;
			children = (
				86DD5C482867A79300657955 /* EventManagementApp.xcdatamodel */,
			);
			currentVersion = 86DD5C482867A79300657955 /* EventManagementApp.xcdatamodel */;
			path = EventManagementApp.xcdatamodeld;
			sourceTree = "<group>";
			versionGroupType = wrapper.xcdatamodel;
		};
/* End XCVersionGroup section */
	};
	rootObject = 86DD5C332867A79300657955 /* Project object */;
}
